
Microsoft Visual Studio Solution File, Format Version 12.00
# Visual Studio Version 17
VisualStudioVersion = 17.8.34322.80
MinimumVisualStudioVersion = 10.0.40219.1
Project("{F2A71F9B-5D33-465A-A702-920D77279786}") = "Day3", "Day3.fsproj", "{F2FE9379-2DD5-4FAB-96D2-FDFF6BBC3D5E}"
EndProject
Global
	GlobalSection(SolutionConfigurationPlatforms) = preSolution
		Debug|Any CPU = Debug|Any CPU
		Release|Any CPU = Release|Any CPU
	EndGlobalSection
	GlobalSection(ProjectConfigurationPlatforms) = postSolution
		{F2FE9379-2DD5-4FAB-96D2-FDFF6BBC3D5E}.Debug|Any CPU.ActiveCfg = Debug|Any CPU
		{F2FE9379-2DD5-4FAB-96D2-FDFF6BBC3D5E}.Debug|Any CPU.Build.0 = Debug|Any CPU
		{F2FE9379-2DD5-4FAB-96D2-FDFF6BBC3D5E}.Release|Any CPU.ActiveCfg = Release|Any CPU
		{F2FE9379-2DD5-4FAB-96D2-FDFF6BBC3D5E}.Release|Any CPU.Build.0 = Release|Any CPU
	EndGlobalSection
	GlobalSection(SolutionProperties) = preSolution
		HideSolutionNode = FALSE
	EndGlobalSection
	GlobalSection(ExtensibilityGlobals) = postSolution
		SolutionGuid = {E48EEB71-34B1-44E2-A292-756A01C3900B}
	EndGlobalSection
EndGlobal
