
Microsoft Visual Studio Solution File, Format Version 12.00
# Visual Studio Version 17
VisualStudioVersion = 17.8.34330.188
MinimumVisualStudioVersion = 10.0.40219.1
Project("{F2A71F9B-5D33-465A-A702-920D77279786}") = "Day14", "Day14.fsproj", "{89F6BF02-4ADF-4499-B439-AE14C0A55101}"
EndProject
Global
	GlobalSection(SolutionConfigurationPlatforms) = preSolution
		Debug|Any CPU = Debug|Any CPU
		Release|Any CPU = Release|Any CPU
	EndGlobalSection
	GlobalSection(ProjectConfigurationPlatforms) = postSolution
		{89F6BF02-4ADF-4499-B439-AE14C0A55101}.Debug|Any CPU.ActiveCfg = Debug|Any CPU
		{89F6BF02-4ADF-4499-B439-AE14C0A55101}.Debug|Any CPU.Build.0 = Debug|Any CPU
		{89F6BF02-4ADF-4499-B439-AE14C0A55101}.Release|Any CPU.ActiveCfg = Release|Any CPU
		{89F6BF02-4ADF-4499-B439-AE14C0A55101}.Release|Any CPU.Build.0 = Release|Any CPU
	EndGlobalSection
	GlobalSection(SolutionProperties) = preSolution
		HideSolutionNode = FALSE
	EndGlobalSection
	GlobalSection(ExtensibilityGlobals) = postSolution
		SolutionGuid = {5EF6765B-675A-423D-AF20-F4A36172C2A9}
	EndGlobalSection
EndGlobal
