
Microsoft Visual Studio Solution File, Format Version 12.00
# Visual Studio Version 17
VisualStudioVersion = 17.8.34330.188
MinimumVisualStudioVersion = 10.0.40219.1
Project("{F2A71F9B-5D33-465A-A702-920D77279786}") = "Day13", "Day13.fsproj", "{48AA069B-B257-492F-A993-4B4EC1C91903}"
EndProject
Global
	GlobalSection(SolutionConfigurationPlatforms) = preSolution
		Debug|Any CPU = Debug|Any CPU
		Release|Any CPU = Release|Any CPU
	EndGlobalSection
	GlobalSection(ProjectConfigurationPlatforms) = postSolution
		{48AA069B-B257-492F-A993-4B4EC1C91903}.Debug|Any CPU.ActiveCfg = Debug|Any CPU
		{48AA069B-B257-492F-A993-4B4EC1C91903}.Debug|Any CPU.Build.0 = Debug|Any CPU
		{48AA069B-B257-492F-A993-4B4EC1C91903}.Release|Any CPU.ActiveCfg = Release|Any CPU
		{48AA069B-B257-492F-A993-4B4EC1C91903}.Release|Any CPU.Build.0 = Release|Any CPU
	EndGlobalSection
	GlobalSection(SolutionProperties) = preSolution
		HideSolutionNode = FALSE
	EndGlobalSection
	GlobalSection(ExtensibilityGlobals) = postSolution
		SolutionGuid = {F57786A1-44B5-4D60-BD9B-9ADC1EE39926}
	EndGlobalSection
EndGlobal
