
Microsoft Visual Studio Solution File, Format Version 12.00
# Visual Studio Version 17
VisualStudioVersion = 17.8.34330.188
MinimumVisualStudioVersion = 10.0.40219.1
Project("{F2A71F9B-5D33-465A-A702-920D77279786}") = "Day11", "Day11.fsproj", "{7573DDE0-EB08-4C7F-9327-B6077185FF16}"
EndProject
Global
	GlobalSection(SolutionConfigurationPlatforms) = preSolution
		Debug|Any CPU = Debug|Any CPU
		Release|Any CPU = Release|Any CPU
	EndGlobalSection
	GlobalSection(ProjectConfigurationPlatforms) = postSolution
		{7573DDE0-EB08-4C7F-9327-B6077185FF16}.Debug|Any CPU.ActiveCfg = Debug|Any CPU
		{7573DDE0-EB08-4C7F-9327-B6077185FF16}.Debug|Any CPU.Build.0 = Debug|Any CPU
		{7573DDE0-EB08-4C7F-9327-B6077185FF16}.Release|Any CPU.ActiveCfg = Release|Any CPU
		{7573DDE0-EB08-4C7F-9327-B6077185FF16}.Release|Any CPU.Build.0 = Release|Any CPU
	EndGlobalSection
	GlobalSection(SolutionProperties) = preSolution
		HideSolutionNode = FALSE
	EndGlobalSection
	GlobalSection(ExtensibilityGlobals) = postSolution
		SolutionGuid = {23935377-049A-46D3-9548-1E69D52479B8}
	EndGlobalSection
EndGlobal
