
Microsoft Visual Studio Solution File, Format Version 12.00
# Visual Studio Version 17
VisualStudioVersion = 17.8.34330.188
MinimumVisualStudioVersion = 10.0.40219.1
Project("{F2A71F9B-5D33-465A-A702-920D77279786}") = "Day15", "Day15.fsproj", "{910F656C-DFE1-42C7-87F6-1FB09FEE4C99}"
EndProject
Global
	GlobalSection(SolutionConfigurationPlatforms) = preSolution
		Debug|Any CPU = Debug|Any CPU
		Release|Any CPU = Release|Any CPU
	EndGlobalSection
	GlobalSection(ProjectConfigurationPlatforms) = postSolution
		{910F656C-DFE1-42C7-87F6-1FB09FEE4C99}.Debug|Any CPU.ActiveCfg = Debug|Any CPU
		{910F656C-DFE1-42C7-87F6-1FB09FEE4C99}.Debug|Any CPU.Build.0 = Debug|Any CPU
		{910F656C-DFE1-42C7-87F6-1FB09FEE4C99}.Release|Any CPU.ActiveCfg = Release|Any CPU
		{910F656C-DFE1-42C7-87F6-1FB09FEE4C99}.Release|Any CPU.Build.0 = Release|Any CPU
	EndGlobalSection
	GlobalSection(SolutionProperties) = preSolution
		HideSolutionNode = FALSE
	EndGlobalSection
	GlobalSection(ExtensibilityGlobals) = postSolution
		SolutionGuid = {687F2CB2-8041-447C-A00B-A740BACBF1B7}
	EndGlobalSection
EndGlobal
