
Microsoft Visual Studio Solution File, Format Version 12.00
# Visual Studio Version 17
VisualStudioVersion = 17.8.34322.80
MinimumVisualStudioVersion = 10.0.40219.1
Project("{F2A71F9B-5D33-465A-A702-920D77279786}") = "Day16", "Day16.fsproj", "{2D9693CA-EC50-44DC-9B64-781A548DB896}"
EndProject
Global
	GlobalSection(SolutionConfigurationPlatforms) = preSolution
		Debug|Any CPU = Debug|Any CPU
		Release|Any CPU = Release|Any CPU
	EndGlobalSection
	GlobalSection(ProjectConfigurationPlatforms) = postSolution
		{2D9693CA-EC50-44DC-9B64-781A548DB896}.Debug|Any CPU.ActiveCfg = Debug|Any CPU
		{2D9693CA-EC50-44DC-9B64-781A548DB896}.Debug|Any CPU.Build.0 = Debug|Any CPU
		{2D9693CA-EC50-44DC-9B64-781A548DB896}.Release|Any CPU.ActiveCfg = Release|Any CPU
		{2D9693CA-EC50-44DC-9B64-781A548DB896}.Release|Any CPU.Build.0 = Release|Any CPU
	EndGlobalSection
	GlobalSection(SolutionProperties) = preSolution
		HideSolutionNode = FALSE
	EndGlobalSection
	GlobalSection(ExtensibilityGlobals) = postSolution
		SolutionGuid = {3D4B5D47-AFA7-4ACE-8A74-FC4F125580D1}
	EndGlobalSection
EndGlobal
