
Microsoft Visual Studio Solution File, Format Version 12.00
# Visual Studio Version 17
VisualStudioVersion = 17.8.34322.80
MinimumVisualStudioVersion = 10.0.40219.1
Project("{F2A71F9B-5D33-465A-A702-920D77279786}") = "Day12", "Day12.fsproj", "{312F5821-F1CE-40EE-9A82-C0B749FF59C3}"
EndProject
Global
	GlobalSection(SolutionConfigurationPlatforms) = preSolution
		Debug|Any CPU = Debug|Any CPU
		Release|Any CPU = Release|Any CPU
	EndGlobalSection
	GlobalSection(ProjectConfigurationPlatforms) = postSolution
		{312F5821-F1CE-40EE-9A82-C0B749FF59C3}.Debug|Any CPU.ActiveCfg = Debug|Any CPU
		{312F5821-F1CE-40EE-9A82-C0B749FF59C3}.Debug|Any CPU.Build.0 = Debug|Any CPU
		{312F5821-F1CE-40EE-9A82-C0B749FF59C3}.Release|Any CPU.ActiveCfg = Release|Any CPU
		{312F5821-F1CE-40EE-9A82-C0B749FF59C3}.Release|Any CPU.Build.0 = Release|Any CPU
	EndGlobalSection
	GlobalSection(SolutionProperties) = preSolution
		HideSolutionNode = FALSE
	EndGlobalSection
	GlobalSection(ExtensibilityGlobals) = postSolution
		SolutionGuid = {D355EABC-8B86-4E26-AF9C-99A727AD18F6}
	EndGlobalSection
EndGlobal
